[[package]]
name = "cftime"
version = "1.6.2"
description = "Time-handling functionality from netcdf4-python"
category = "main"
optional = false
python-versions = ">=3.7"

[package.dependencies]
numpy = ">1.13.3"

[[package]]
name = "netCDF4"
version = "1.6.1"
description = "Provides an object-oriented python interface to the netCDF version 4 library."
category = "main"
optional = false
python-versions = "*"

[package.dependencies]
cftime = "*"
numpy = ">=1.9"

[[package]]
name = "numpy"
version = "1.23.3"
description = "NumPy is the fundamental package for array computing with Python."
category = "main"
optional = false
python-versions = ">=3.8"

[[package]]
name = "packaging"
version = "21.3"
description = "Core utilities for Python packages"
category = "main"
optional = false
python-versions = ">=3.6"

[package.dependencies]
pyparsing = ">=2.0.2,<3.0.5 || >3.0.5"

[[package]]
name = "pandas"
version = "1.5.0"
description = "Powerful data structures for data analysis, time series, and statistics"
category = "main"
optional = false
python-versions = ">=3.8"

[package.dependencies]
numpy = [
    {version = ">=1.21.0", markers = "python_version >= \"3.10\""},
    {version = ">=1.20.3", markers = "python_version < \"3.10\""},
]
python-dateutil = ">=2.8.1"
pytz = ">=2020.1"

[package.extras]
test = ["hypothesis (>=5.5.3)", "pytest (>=6.0)", "pytest-xdist (>=1.31)"]

[[package]]
name = "pygmt"
version = "0.7.0"
description = "A Python interface for the Generic Mapping Tools"
category = "main"
optional = false
python-versions = ">=3.8"

[package.dependencies]
netCDF4 = "*"
numpy = ">=1.20"
packaging = "*"
pandas = "*"
xarray = "*"

[[package]]
name = "pyparsing"
version = "3.0.9"
description = "pyparsing module - Classes and methods to define and execute parsing grammars"
category = "main"
optional = false
python-versions = ">=3.6.8"

[package.extras]
diagrams = ["jinja2", "railroad-diagrams"]

[[package]]
name = "python-dateutil"
version = "2.8.2"
description = "Extensions to the standard Python datetime module"
category = "main"
optional = false
python-versions = "!=3.0.*,!=3.1.*,!=3.2.*,>=2.7"

[package.dependencies]
six = ">=1.5"

[[package]]
name = "pytz"
version = "2022.2.1"
description = "World timezone definitions, modern and historical"
category = "main"
optional = false
python-versions = "*"

[[package]]
name = "six"
version = "1.16.0"
description = "Python 2 and 3 compatibility utilities"
category = "main"
optional = false
python-versions = ">=2.7, !=3.0.*, !=3.1.*, !=3.2.*"

[[package]]
name = "xarray"
version = "2022.6.0"
description = "N-D labeled arrays and datasets in Python"
category = "main"
optional = false
python-versions = ">=3.8"

[package.dependencies]
numpy = ">=1.19"
packaging = ">=20.0"
pandas = ">=1.2"

[package.extras]
accel = ["bottleneck", "flox", "numbagg", "scipy"]
complete = ["bottleneck", "cfgrib", "cftime", "dask[complete]", "flox", "fsspec", "h5netcdf", "matplotlib", "nc-time-axis", "netCDF4", "numbagg", "pooch", "pydap", "rasterio", "scipy", "seaborn", "zarr"]
docs = ["bottleneck", "cfgrib", "cftime", "dask[complete]", "flox", "fsspec", "h5netcdf", "ipykernel", "ipython", "jupyter-client", "matplotlib", "nbsphinx", "nc-time-axis", "netCDF4", "numbagg", "pooch", "pydap", "rasterio", "scanpydoc", "scipy", "seaborn", "sphinx-autosummary-accessors", "sphinx-rtd-theme", "zarr"]
io = ["cfgrib", "cftime", "fsspec", "h5netcdf", "netCDF4", "pooch", "pydap", "rasterio", "scipy", "zarr"]
parallel = ["dask[complete]"]
viz = ["matplotlib", "nc-time-axis", "seaborn"]

[metadata]
lock-version = "1.1"
python-versions = "^3.9"
content-hash = "77d7444d24ef5dd7c577f7adf59e13e863b9e7ff8d8d8674c264c2a4dd2cd319"

[metadata.files]
cftime = [
    {file = "cftime-1.6.2-cp310-cp310-macosx_10_9_x86_64.whl", hash = "sha256:b4d2a1920f0aad663f25700b30621ff64af373499e52b544da1148dd8c09409a"},
    {file = "cftime-1.6.2-cp310-cp310-macosx_11_0_arm64.whl", hash = "sha256:2ba7909a0cd4adcb16797d8d6ab2767e7ddb980b2bf9dbabfc71b3bdd94f072b"},
    {file = "cftime-1.6.2-cp310-cp310-manylinux_2_17_x86_64.manylinux2014_x86_64.whl", hash = "sha256:acb294fdb80e33545ae54b4421df35c4e578708a5ffce1c00408b2294e70ecef"},
    {file = "cftime-1.6.2-cp310-cp310-win_amd64.whl", hash = "sha256:2abdac6ca5b8b6102f319122546739dfc42406b816c16f2a98a8f0cd406d3bf0"},
    {file = "cftime-1.6.2-cp311-cp311-macosx_10_9_x86_64.whl", hash = "sha256:eb7f8cd0996640b83020133b5ef6b97fc9216c3129eaeeaca361abdff5d82166"},
    {file = "cftime-1.6.2-cp311-cp311-macosx_11_0_arm64.whl", hash = "sha256:8d49d69c64cee2c175478eed84c3a57fce083da4ceebce16440f72be561a8489"},
    {file = "cftime-1.6.2-cp311-cp311-manylinux_2_17_x86_64.manylinux2014_x86_64.whl", hash = "sha256:455cec3627e6ca8694b0d9201da6581eb4381b58389f1fbcb51a14fa0e2b3d94"},
    {file = "cftime-1.6.2-cp311-cp311-win_amd64.whl", hash = "sha256:29c18601abea0fd160fbe423e05c7a56fe1d38dd250a6b010de499a132d3fe18"},
    {file = "cftime-1.6.2-cp37-cp37m-macosx_10_9_x86_64.whl", hash = "sha256:afb5b38b51b8bc02f1656a9f15c52b0b20a3999adbe1ab9ac57f926e0065b48a"},
    {file = "cftime-1.6.2-cp37-cp37m-manylinux_2_17_x86_64.manylinux2014_x86_64.whl", hash = "sha256:aedfb7a783d19d7a30cb41951310f3bfe98f9f21fffc723c8af08a11962b0b17"},
    {file = "cftime-1.6.2-cp37-cp37m-manylinux_2_5_i686.manylinux1_i686.manylinux_2_17_i686.manylinux2014_i686.whl", hash = "sha256:3042048324b4d6a1066c978ec78101effdd84320e8862bfdbf8122d7ad7588ec"},
    {file = "cftime-1.6.2-cp37-none-win_amd64.whl", hash = "sha256:ee70fa069802652cf534de1dd3fc590b7d22d4127447bf96ac9849abcdadadf1"},
    {file = "cftime-1.6.2-cp38-cp38-macosx_10_9_x86_64.whl", hash = "sha256:93f00f454329c1f2588ebca2650e8edf7607d6189dbdcc81b5f3be2080155cc4"},
    {file = "cftime-1.6.2-cp38-cp38-macosx_11_0_arm64.whl", hash = "sha256:e83db2fdda900eb154a9f79dfb665ac6190781c61d2e18151996de5ee7ffd8a2"},
    {file = "cftime-1.6.2-cp38-cp38-manylinux_2_17_x86_64.manylinux2014_x86_64.whl", hash = "sha256:56d0242fc4990584b265622622b25bb262a178097711d2d95e53ef52a9d23e7e"},
    {file = "cftime-1.6.2-cp38-cp38-win_amd64.whl", hash = "sha256:055d5d60a756c6c1857cf84d77655bb707057bb6c4a4fbb104a550e76c40aad9"},
    {file = "cftime-1.6.2-cp39-cp39-macosx_10_9_x86_64.whl", hash = "sha256:0955e1f3e1c09a9e0296b50f135ff9719cb2466f81c8ad4a10ef06fa394de984"},
    {file = "cftime-1.6.2-cp39-cp39-macosx_11_0_arm64.whl", hash = "sha256:07fdef2f75a0f0952b0376fa4cd08ef8a1dad3b963976ac07517811d434936b7"},
    {file = "cftime-1.6.2-cp39-cp39-manylinux_2_17_x86_64.manylinux2014_x86_64.whl", hash = "sha256:892d5dc38f8b998c83a2a01f131e63896d020586de473e1878f9e85acc70ad44"},
    {file = "cftime-1.6.2-cp39-cp39-win_amd64.whl", hash = "sha256:86fe550b94525c327578a90b2e13418ca5ba6c636d5efe3edec310e631757eea"},
    {file = "cftime-1.6.2.tar.gz", hash = "sha256:8614c00fb8a5046de304fdd86dbd224f99408185d7b245ac6628d0276596e6d2"},
]
netCDF4 = [
    {file = "netCDF4-1.6.1-cp310-cp310-macosx_10_9_x86_64.whl", hash = "sha256:e7445fe61172b96290a9c07131fba17dc7c1be5c874cfd56b6be7e928830702e"},
    {file = "netCDF4-1.6.1-cp310-cp310-macosx_11_0_arm64.whl", hash = "sha256:097aaef9fdcecbd763e083aad821b56af16ae1d19ba5236c0fde85523ca4e00d"},
    {file = "netCDF4-1.6.1-cp310-cp310-manylinux_2_17_aarch64.manylinux2014_aarch64.whl", hash = "sha256:a2aea9a42576e7a9954925c3422b1054bc400b6723c9ae5854ced1e119a087e7"},
    {file = "netCDF4-1.6.1-cp310-cp310-manylinux_2_17_i686.manylinux2014_i686.whl", hash = "sha256:e77b56e7d354ac76d6cefd0f3026d588c8c341a596cfbedf7f37a0fea130f327"},
    {file = "netCDF4-1.6.1-cp310-cp310-manylinux_2_17_x86_64.manylinux2014_x86_64.whl", hash = "sha256:3fd8b20d075ff031476837f16f4e8c1a05098adce73ad9a7f9061b3489e6a7a0"},
    {file = "netCDF4-1.6.1-cp310-cp310-win_amd64.whl", hash = "sha256:34ff9854927da8da10144f067770694d691b12bf711e58b960a37510a232d5e1"},
    {file = "netCDF4-1.6.1-cp36-cp36m-macosx_10_9_x86_64.whl", hash = "sha256:264303b82dc6385b19cd5b1ad03a5740a33459e48d8b36b8b12dbf6e7c9054cd"},
    {file = "netCDF4-1.6.1-cp36-cp36m-manylinux_2_17_aarch64.manylinux2014_aarch64.whl", hash = "sha256:7b92aec6fdf601e6d5c3cf7ea64f02962f1c0d22fa0a39d57d25da7b10676f83"},
    {file = "netCDF4-1.6.1-cp36-cp36m-manylinux_2_17_i686.manylinux2014_i686.whl", hash = "sha256:832d151cd706a8c438331a7addee15bd354b28483cc37830807c4f793974d13b"},
    {file = "netCDF4-1.6.1-cp36-cp36m-manylinux_2_17_x86_64.manylinux2014_x86_64.whl", hash = "sha256:27783512e46655c4ae85f367bedec08be8d4574b890473ce041d6364457ec7d7"},
    {file = "netCDF4-1.6.1-cp37-cp37m-macosx_10_9_x86_64.whl", hash = "sha256:56b7fc0a0e9ad9e93b2e8da463cd588a7352bb09fa448cdb4e6770800f366ac7"},
    {file = "netCDF4-1.6.1-cp37-cp37m-manylinux_2_17_aarch64.manylinux2014_aarch64.whl", hash = "sha256:b8e1fc4a7876eeaeefc74d1a2efd1bc0306b07692846537f865443d5a3f27180"},
    {file = "netCDF4-1.6.1-cp37-cp37m-manylinux_2_17_i686.manylinux2014_i686.whl", hash = "sha256:245de44ac3450531ce3f4cf29a60e0bf58037e468d4da1c3821fb56b27a38298"},
    {file = "netCDF4-1.6.1-cp37-cp37m-manylinux_2_17_x86_64.manylinux2014_x86_64.whl", hash = "sha256:952a39771f5913d2a498950924cd6ea7857d92d12dfab720e253f5cb2f7695ba"},
    {file = "netCDF4-1.6.1-cp37-cp37m-win_amd64.whl", hash = "sha256:b6a2e510ac6d0c160d866b1862ceda4d34aa96196d6c86c9c5b0b488c76c89c2"},
    {file = "netCDF4-1.6.1-cp38-cp38-macosx_10_9_x86_64.whl", hash = "sha256:17f89ae686ccaf8a21b527c07ef871787b157aeca44789fb24b0976a147cf93e"},
    {file = "netCDF4-1.6.1-cp38-cp38-macosx_11_0_arm64.whl", hash = "sha256:8474e59bf3de581aaf9152901423891d75d1a48864c11f30b3384c42d9210f8e"},
    {file = "netCDF4-1.6.1-cp38-cp38-manylinux_2_17_aarch64.manylinux2014_aarch64.whl", hash = "sha256:bf65e8b6ba9cb320a279f0b5b554a9961f0ec05bdbdf4b5f6b346014a65498d9"},
    {file = "netCDF4-1.6.1-cp38-cp38-manylinux_2_17_i686.manylinux2014_i686.whl", hash = "sha256:f47a0f434825a21eaa41fa0512cf486ed27206b5b07c7878af9c7e1eb23ed49f"},
    {file = "netCDF4-1.6.1-cp38-cp38-manylinux_2_17_x86_64.manylinux2014_x86_64.whl", hash = "sha256:af7d7fec6265d9fd06c5d1b246c3b92485baa020f4dbacb4167506bf69d75da5"},
    {file = "netCDF4-1.6.1-cp38-cp38-win_amd64.whl", hash = "sha256:d9fcca670fab4ef56bed5539271810d5fbbe4df486f1737cdef58ccbedcbd941"},
    {file = "netCDF4-1.6.1-cp39-cp39-macosx_10_9_x86_64.whl", hash = "sha256:de2bb8c4986469584b65584b64e4231163b89924d4bca2bc313f2cf9a307da26"},
    {file = "netCDF4-1.6.1-cp39-cp39-macosx_11_0_arm64.whl", hash = "sha256:577ac6619d078060e0b4312f2f3c44bd7912cb6277813414ef77914a45099612"},
    {file = "netCDF4-1.6.1-cp39-cp39-manylinux_2_17_aarch64.manylinux2014_aarch64.whl", hash = "sha256:61777bb3ddd54b73badb2c803518484d034776c0ea30d7eeef70b4c8def3658f"},
    {file = "netCDF4-1.6.1-cp39-cp39-manylinux_2_17_i686.manylinux2014_i686.whl", hash = "sha256:715a1c5dc914683b636ec7490bd5734f585ab8c7ba3c1d0e047b684baeb3f58f"},
    {file = "netCDF4-1.6.1-cp39-cp39-manylinux_2_17_x86_64.manylinux2014_x86_64.whl", hash = "sha256:6238a348e6679bb2164e47fb3b2afd49ed1e9d9a0beefe3f6183a5130eacf557"},
    {file = "netCDF4-1.6.1-cp39-cp39-win_amd64.whl", hash = "sha256:bb05b3613d4c98da1df71de2a1f41a77433ceda4ee9873f5dcd11af4822aa5f7"},
    {file = "netCDF4-1.6.1.tar.gz", hash = "sha256:ba8dc5d65293a99f1afb8c2acf588d903fdfdc1963a62545b677fa2734262a78"},
]
numpy = [
    {file = "numpy-1.23.3-cp310-cp310-macosx_10_9_x86_64.whl", hash = "sha256:c9f707b5bb73bf277d812ded9896f9512a43edff72712f31667d0a8c2f8e71ee"},
    {file = "numpy-1.23.3-cp310-cp310-macosx_11_0_arm64.whl", hash = "sha256:ffcf105ecdd9396e05a8e58e81faaaf34d3f9875f137c7372450baa5d77c9a54"},
    {file = "numpy-1.23.3-cp310-cp310-manylinux_2_17_aarch64.manylinux2014_aarch64.whl", hash = "sha256:0ea3f98a0ffce3f8f57675eb9119f3f4edb81888b6874bc1953f91e0b1d4f440"},
    {file = "numpy-1.23.3-cp310-cp310-manylinux_2_17_x86_64.manylinux2014_x86_64.whl", hash = "sha256:004f0efcb2fe1c0bd6ae1fcfc69cc8b6bf2407e0f18be308612007a0762b4089"},
    {file = "numpy-1.23.3-cp310-cp310-win32.whl", hash = "sha256:98dcbc02e39b1658dc4b4508442a560fe3ca5ca0d989f0df062534e5ca3a5c1a"},
    {file = "numpy-1.23.3-cp310-cp310-win_amd64.whl", hash = "sha256:39a664e3d26ea854211867d20ebcc8023257c1800ae89773cbba9f9e97bae036"},
    {file = "numpy-1.23.3-cp311-cp311-macosx_10_9_x86_64.whl", hash = "sha256:1f27b5322ac4067e67c8f9378b41c746d8feac8bdd0e0ffede5324667b8a075c"},
    {file = "numpy-1.23.3-cp311-cp311-macosx_11_0_arm64.whl", hash = "sha256:2ad3ec9a748a8943e6eb4358201f7e1c12ede35f510b1a2221b70af4bb64295c"},
    {file = "numpy-1.23.3-cp311-cp311-manylinux_2_17_aarch64.manylinux2014_aarch64.whl", hash = "sha256:bdc9febce3e68b697d931941b263c59e0c74e8f18861f4064c1f712562903411"},
    {file = "numpy-1.23.3-cp311-cp311-manylinux_2_17_x86_64.manylinux2014_x86_64.whl", hash = "sha256:301c00cf5e60e08e04d842fc47df641d4a181e651c7135c50dc2762ffe293dbd"},
    {file = "numpy-1.23.3-cp311-cp311-win32.whl", hash = "sha256:7cd1328e5bdf0dee621912f5833648e2daca72e3839ec1d6695e91089625f0b4"},
    {file = "numpy-1.23.3-cp311-cp311-win_amd64.whl", hash = "sha256:8355fc10fd33a5a70981a5b8a0de51d10af3688d7a9e4a34fcc8fa0d7467bb7f"},
    {file = "numpy-1.23.3-cp38-cp38-macosx_10_9_x86_64.whl", hash = "sha256:bc6e8da415f359b578b00bcfb1d08411c96e9a97f9e6c7adada554a0812a6cc6"},
    {file = "numpy-1.23.3-cp38-cp38-macosx_11_0_arm64.whl", hash = "sha256:22d43376ee0acd547f3149b9ec12eec2f0ca4a6ab2f61753c5b29bb3e795ac4d"},
    {file = "numpy-1.23.3-cp38-cp38-manylinux_2_17_aarch64.manylinux2014_aarch64.whl", hash = "sha256:a64403f634e5ffdcd85e0b12c08f04b3080d3e840aef118721021f9b48fc1460"},
    {file = "numpy-1.23.3-cp38-cp38-manylinux_2_17_x86_64.manylinux2014_x86_64.whl", hash = "sha256:efd9d3abe5774404becdb0748178b48a218f1d8c44e0375475732211ea47c67e"},
    {file = "numpy-1.23.3-cp38-cp38-win32.whl", hash = "sha256:f8c02ec3c4c4fcb718fdf89a6c6f709b14949408e8cf2a2be5bfa9c49548fd85"},
    {file = "numpy-1.23.3-cp38-cp38-win_amd64.whl", hash = "sha256:e868b0389c5ccfc092031a861d4e158ea164d8b7fdbb10e3b5689b4fc6498df6"},
    {file = "numpy-1.23.3-cp39-cp39-macosx_10_9_x86_64.whl", hash = "sha256:09f6b7bdffe57fc61d869a22f506049825d707b288039d30f26a0d0d8ea05164"},
    {file = "numpy-1.23.3-cp39-cp39-macosx_11_0_arm64.whl", hash = "sha256:8c79d7cf86d049d0c5089231a5bcd31edb03555bd93d81a16870aa98c6cfb79d"},
    {file = "numpy-1.23.3-cp39-cp39-manylinux_2_17_aarch64.manylinux2014_aarch64.whl", hash = "sha256:e5d5420053bbb3dd64c30e58f9363d7a9c27444c3648e61460c1237f9ec3fa14"},
    {file = "numpy-1.23.3-cp39-cp39-manylinux_2_17_x86_64.manylinux2014_x86_64.whl", hash = "sha256:d5422d6a1ea9b15577a9432e26608c73a78faf0b9039437b075cf322c92e98e7"},
    {file = "numpy-1.23.3-cp39-cp39-win32.whl", hash = "sha256:c1ba66c48b19cc9c2975c0d354f24058888cdc674bebadceb3cdc9ec403fb5d1"},
    {file = "numpy-1.23.3-cp39-cp39-win_amd64.whl", hash = "sha256:78a63d2df1d947bd9d1b11d35564c2f9e4b57898aae4626638056ec1a231c40c"},
    {file = "numpy-1.23.3-pp38-pypy38_pp73-macosx_10_9_x86_64.whl", hash = "sha256:17c0e467ade9bda685d5ac7f5fa729d8d3e76b23195471adae2d6a6941bd2c18"},
    {file = "numpy-1.23.3-pp38-pypy38_pp73-manylinux_2_17_x86_64.manylinux2014_x86_64.whl", hash = "sha256:91b8d6768a75247026e951dce3b2aac79dc7e78622fc148329135ba189813584"},
    {file = "numpy-1.23.3-pp38-pypy38_pp73-win_amd64.whl", hash = "sha256:94c15ca4e52671a59219146ff584488907b1f9b3fc232622b47e2cf832e94fb8"},
    {file = "numpy-1.23.3.tar.gz", hash = "sha256:51bf49c0cd1d52be0a240aa66f3458afc4b95d8993d2d04f0d91fa60c10af6cd"},
]
packaging = [
    {file = "packaging-21.3-py3-none-any.whl", hash = "sha256:ef103e05f519cdc783ae24ea4e2e0f508a9c99b2d4969652eed6a2e1ea5bd522"},
    {file = "packaging-21.3.tar.gz", hash = "sha256:dd47c42927d89ab911e606518907cc2d3a1f38bbd026385970643f9c5b8ecfeb"},
]
pandas = [
    {file = "pandas-1.5.0-cp310-cp310-macosx_10_9_universal2.whl", hash = "sha256:0d8d7433d19bfa33f11c92ad9997f15a902bda4f5ad3a4814a21d2e910894484"},
    {file = "pandas-1.5.0-cp310-cp310-macosx_10_9_x86_64.whl", hash = "sha256:5cc47f2ebaa20ef96ae72ee082f9e101b3dfbf74f0e62c7a12c0b075a683f03c"},
    {file = "pandas-1.5.0-cp310-cp310-macosx_11_0_arm64.whl", hash = "sha256:8e8e5edf97d8793f51d258c07c629bd49d271d536ce15d66ac00ceda5c150eb3"},
    {file = "pandas-1.5.0-cp310-cp310-manylinux_2_17_aarch64.manylinux2014_aarch64.whl", hash = "sha256:41aec9f87455306496d4486df07c1b98c15569c714be2dd552a6124cd9fda88f"},
    {file = "pandas-1.5.0-cp310-cp310-manylinux_2_17_x86_64.manylinux2014_x86_64.whl", hash = "sha256:c76f1d104844c5360c21d2ef0e1a8b2ccf8b8ebb40788475e255b9462e32b2be"},
    {file = "pandas-1.5.0-cp310-cp310-win_amd64.whl", hash = "sha256:1642fc6138b4e45d57a12c1b464a01a6d868c0148996af23f72dde8d12486bbc"},
    {file = "pandas-1.5.0-cp311-cp311-macosx_10_9_universal2.whl", hash = "sha256:171cef540bfcec52257077816a4dbbac152acdb8236ba11d3196ae02bf0959d8"},
    {file = "pandas-1.5.0-cp311-cp311-macosx_10_9_x86_64.whl", hash = "sha256:a68a9b9754efff364b0c5ee5b0f18e15ca640c01afe605d12ba8b239ca304d6b"},
    {file = "pandas-1.5.0-cp311-cp311-macosx_11_0_arm64.whl", hash = "sha256:86d87279ebc5bc20848b4ceb619073490037323f80f515e0ec891c80abad958a"},
    {file = "pandas-1.5.0-cp311-cp311-manylinux_2_17_aarch64.manylinux2014_aarch64.whl", hash = "sha256:207d63ac851e60ec57458814613ef4b3b6a5e9f0b33c57623ba2bf8126c311f8"},
    {file = "pandas-1.5.0-cp311-cp311-manylinux_2_17_x86_64.manylinux2014_x86_64.whl", hash = "sha256:e252a9e49b233ff96e2815c67c29702ac3a062098d80a170c506dff3470fd060"},
    {file = "pandas-1.5.0-cp311-cp311-win_amd64.whl", hash = "sha256:de34636e2dc04e8ac2136a8d3c2051fd56ebe9fd6cd185581259330649e73ca9"},
    {file = "pandas-1.5.0-cp38-cp38-macosx_10_9_universal2.whl", hash = "sha256:1d34b1f43d9e3f4aea056ba251f6e9b143055ebe101ed04c847b41bb0bb4a989"},
    {file = "pandas-1.5.0-cp38-cp38-macosx_10_9_x86_64.whl", hash = "sha256:1b82ccc7b093e0a93f8dffd97a542646a3e026817140e2c01266aaef5fdde11b"},
    {file = "pandas-1.5.0-cp38-cp38-macosx_11_0_arm64.whl", hash = "sha256:4e30a31039574d96f3d683df34ccb50bb435426ad65793e42a613786901f6761"},
    {file = "pandas-1.5.0-cp38-cp38-manylinux_2_17_aarch64.manylinux2014_aarch64.whl", hash = "sha256:62e61003411382e20d7c2aec1ee8d7c86c8b9cf46290993dd8a0a3be44daeb38"},
    {file = "pandas-1.5.0-cp38-cp38-manylinux_2_17_x86_64.manylinux2014_x86_64.whl", hash = "sha256:fc987f7717e53d372f586323fff441263204128a1ead053c1b98d7288f836ac9"},
    {file = "pandas-1.5.0-cp38-cp38-win32.whl", hash = "sha256:e178ce2d7e3b934cf8d01dc2d48d04d67cb0abfaffdcc8aa6271fd5a436f39c8"},
    {file = "pandas-1.5.0-cp38-cp38-win_amd64.whl", hash = "sha256:33a9d9e21ab2d91e2ab6e83598419ea6a664efd4c639606b299aae8097c1c94f"},
    {file = "pandas-1.5.0-cp39-cp39-macosx_10_9_universal2.whl", hash = "sha256:73844e247a7b7dac2daa9df7339ecf1fcf1dfb8cbfd11e3ffe9819ae6c31c515"},
    {file = "pandas-1.5.0-cp39-cp39-macosx_10_9_x86_64.whl", hash = "sha256:e9c5049333c5bebf993033f4bf807d163e30e8fada06e1da7fa9db86e2392009"},
    {file = "pandas-1.5.0-cp39-cp39-macosx_11_0_arm64.whl", hash = "sha256:85a516a7f6723ca1528f03f7851fa8d0360d1d6121cf15128b290cf79b8a7f6a"},
    {file = "pandas-1.5.0-cp39-cp39-manylinux_2_17_aarch64.manylinux2014_aarch64.whl", hash = "sha256:947ed9f896ee61adbe61829a7ae1ade493c5a28c66366ec1de85c0642009faac"},
    {file = "pandas-1.5.0-cp39-cp39-manylinux_2_17_x86_64.manylinux2014_x86_64.whl", hash = "sha256:c7f38d91f21937fe2bec9449570d7bf36ad7136227ef43b321194ec249e2149d"},
    {file = "pandas-1.5.0-cp39-cp39-win32.whl", hash = "sha256:2504c032f221ef9e4a289f5e46a42b76f5e087ecb67d62e342ccbba95a32a488"},
    {file = "pandas-1.5.0-cp39-cp39-win_amd64.whl", hash = "sha256:8a4fc04838615bf0a8d3a03ed68197f358054f0df61f390bcc64fbe39e3d71ec"},
    {file = "pandas-1.5.0.tar.gz", hash = "sha256:3ee61b881d2f64dd90c356eb4a4a4de75376586cd3c9341c6c0fcaae18d52977"},
]
pygmt = [
    {file = "pygmt-0.7.0-py3-none-any.whl", hash = "sha256:bfb1b698ed59d9ceab9deba536dcd3b157cfe7b4a41f3ea2a3d8ecc0840de5dc"},
    {file = "pygmt-0.7.0.tar.gz", hash = "sha256:ac25944cafb2d8e378dd12d8ccfc20c84161162d1f68834256857f562f80cf5c"},
]
pyparsing = [
    {file = "pyparsing-3.0.9-py3-none-any.whl", hash = "sha256:5026bae9a10eeaefb61dab2f09052b9f4307d44aee4eda64b309723d8d206bbc"},
    {file = "pyparsing-3.0.9.tar.gz", hash = "sha256:2b020ecf7d21b687f219b71ecad3631f644a47f01403fa1d1036b0c6416d70fb"},
]
python-dateutil = [
    {file = "python-dateutil-2.8.2.tar.gz", hash = "sha256:0123cacc1627ae19ddf3c27a5de5bd67ee4586fbdd6440d9748f8abb483d3e86"},
    {file = "python_dateutil-2.8.2-py2.py3-none-any.whl", hash = "sha256:961d03dc3453ebbc59dbdea9e4e11c5651520a876d0f4db161e8674aae935da9"},
]
pytz = [
    {file = "pytz-2022.2.1-py2.py3-none-any.whl", hash = "sha256:220f481bdafa09c3955dfbdddb7b57780e9a94f5127e35456a48589b9e0c0197"},
    {file = "pytz-2022.2.1.tar.gz", hash = "sha256:cea221417204f2d1a2aa03ddae3e867921971d0d76f14d87abb4414415bbdcf5"},
]
six = [
    {file = "six-1.16.0-py2.py3-none-any.whl", hash = "sha256:8abb2f1d86890a2dfb989f9a77cfcfd3e47c2a354b01111771326f8aa26e0254"},
    {file = "six-1.16.0.tar.gz", hash = "sha256:1e61c37477a1626458e36f7b1d82aa5c9b094fa4802892072e49de9c60c4c926"},
]
xarray = [
    {file = "xarray-2022.6.0-py3-none-any.whl", hash = "sha256:c052208afc3f261984049f28b962d64eb6741a7967898315642f5da85448b6b0"},
    {file = "xarray-2022.6.0.tar.gz", hash = "sha256:1028d198493f66bb15bd35dcfdd11defd831cbee3af6589fff16f41bddd67e84"},
]
